<?xml version="1.0" encoding="utf-8"?>
<Project ToolsVersion="18.0" xmlns="http://schemas.microsoft.com/developer/msbuild/2003">
  <ItemGroup>
    <ClCompile Include="C:\Users\obols\Documents\PGR_BC\PGR-sem\framework\src\Shader.cpp">
      <Filter>Source Files</Filter>
    </ClCompile>
    <ClCompile Include="C:\Users\obols\Documents\PGR_BC\PGR-sem\framework\src\gl_core_4_4.c">
      <Filter>Source Files</Filter>
    </ClCompile>
    <ClCompile Include="C:\Users\obols\Documents\PGR_BC\PGR-sem\framework\src\gldebug.cpp">
      <Filter>Source Files</Filter>
    </ClCompile>
    <ClCompile Include="C:\Users\obols\Documents\PGR_BC\PGR-sem\framework\src\pgr.cpp">
      <Filter>Source Files</Filter>
    </ClCompile>
  </ItemGroup>
  <ItemGroup>
    <CustomBuild Include="C:\Users\obols\Documents\PGR_BC\PGR-sem\framework\CMakeLists.txt" />
  </ItemGroup>
  <ItemGroup>
    <Filter Include="Source Files">
      <UniqueIdentifier>{9B510A47-35C5-3C3B-99D0-AA5D3B5F0B08}</UniqueIdentifier>
    </Filter>
  </ItemGroup>
</Project>
